{
  "pins" : [
    {
      "identity" : "pythonkit",
      "kind" : "remoteSourceControl",
      "location" : "https://github.com/pvieito/PythonKit.git",
      "state" : {
        "branch" : "master",
        "revision" : "b54598c853303a09efe16296c099314215af9a12"
      }
    }
  ],
  "version" : 2
}
